{
    "_readme": [
        "This file locks the dependencies of your project to a known state",
        "Read more about it at https://getcomposer.org/doc/01-basic-usage.md#composer-lock-the-lock-file",
        "This file is @generated automatically"
    ],
    "content-hash": "ac265adf38328bc3b48aedcb8a0001a6",
    "packages": [
        {
            "name": "phoenix404/php-proxiest",
            "version": "dev-master",
            "source": {
                "type": "git",
                "url": "https://github.com/Phoenix404/php-proxiest.git",
                "reference": "f056d47e237995ae1cdf2aedc6b7934f1109f3e9"
            },
            "dist": {
                "type": "zip",
                "url": "https://api.github.com/repos/Phoenix404/php-proxiest/zipball/f056d47e237995ae1cdf2aedc6b7934f1109f3e9",
                "reference": "f056d47e237995ae1cdf2aedc6b7934f1109f3e9",
                "shasum": ""
            },
            "type": "library",
            "autoload": {
                "psr-4": {
                    "Proxy\\": "Src/"
                }
            },
            "notification-url": "https://packagist.org/downloads/",
            "license": [
                "MIT"
            ],
            "authors": [
                {
                    "name": "Phoenix404",
                    "email": "manpreet2681995@gmail.com"
                }
            ],
            "description": "get proxy",
            "time": "2017-10-13 19:36:25"
        },
        {
            "name": "phoenix404/useragents",
            "version": "dev-master",
            "source": {
                "type": "git",
                "url": "https://github.com/Phoenix404/useragents.git",
                "reference": "8ab44d480935d1815967b7653d09848678bd00d2"
            },
            "dist": {
                "type": "zip",
                "url": "https://api.github.com/repos/Phoenix404/useragents/zipball/8ab44d480935d1815967b7653d09848678bd00d2",
                "reference": "8ab44d480935d1815967b7653d09848678bd00d2",
                "shasum": ""
            },
            "require": {
                "php": ">=5.6.0"
            },
            "type": "package",
            "autoload": {
                "psr-4": {
                    "Useragent\\": "Src/"
                }
            },
            "notification-url": "https://packagist.org/downloads/",
            "license": [
                "MIT"
            ],
            "authors": [
                {
                    "name": "phoenix404",
                    "email": "manpreet2681995@gmail.com",
                    "role": "Developer"
                }
            ],
            "description": "useragents Lib with huge collection of useragents(os, devices, spieders, console browsers..)",
            "time": "2017-09-24 12:21:05"
        }
    ],
    "packages-dev": [],
    "aliases": [],
    "minimum-stability": "stable",
    "stability-flags": {
        "phoenix404/useragents": 20,
        "phoenix404/php-proxiest": 20
    },
    "prefer-stable": false,
    "prefer-lowest": false,
    "platform": [],
    "platform-dev": []
}
